
Microsoft Visual Studio Solution File, Format Version 12.00
# Visual Studio Version 16
VisualStudioVersion = 16.0.30204.135
MinimumVisualStudioVersion = 10.0.40219.1
Project("{FAE04EC0-301F-11D3-BF4B-00C04F79EFBC}") = "СS_GO_Launcher", "СS_GO_Launcher\СS_GO_Launcher.csproj", "{98F0FB0A-F4C2-452B-B789-0A5F89B6D793}"
EndProject
Project("{FAE04EC0-301F-11D3-BF4B-00C04F79EFBC}") = "Parser", "Parser\Parser.csproj", "{09B4E301-5F81-4F9D-A491-71B775B7EF6F}"
EndProject
Global
	GlobalSection(SolutionConfigurationPlatforms) = preSolution
		Debug|Any CPU = Debug|Any CPU
		Release|Any CPU = Release|Any CPU
	EndGlobalSection
	GlobalSection(ProjectConfigurationPlatforms) = postSolution
		{98F0FB0A-F4C2-452B-B789-0A5F89B6D793}.Debug|Any CPU.ActiveCfg = Debug|Any CPU
		{98F0FB0A-F4C2-452B-B789-0A5F89B6D793}.Debug|Any CPU.Build.0 = Debug|Any CPU
		{98F0FB0A-F4C2-452B-B789-0A5F89B6D793}.Release|Any CPU.ActiveCfg = Release|Any CPU
		{98F0FB0A-F4C2-452B-B789-0A5F89B6D793}.Release|Any CPU.Build.0 = Release|Any CPU
		{09B4E301-5F81-4F9D-A491-71B775B7EF6F}.Debug|Any CPU.ActiveCfg = Debug|Any CPU
		{09B4E301-5F81-4F9D-A491-71B775B7EF6F}.Debug|Any CPU.Build.0 = Debug|Any CPU
		{09B4E301-5F81-4F9D-A491-71B775B7EF6F}.Release|Any CPU.ActiveCfg = Release|Any CPU
		{09B4E301-5F81-4F9D-A491-71B775B7EF6F}.Release|Any CPU.Build.0 = Release|Any CPU
	EndGlobalSection
	GlobalSection(SolutionProperties) = preSolution
		HideSolutionNode = FALSE
	EndGlobalSection
	GlobalSection(ExtensibilityGlobals) = postSolution
		SolutionGuid = {5FCDCD61-7C83-4B0F-8506-793A25EF108A}
	EndGlobalSection
EndGlobal
